
Microsoft Visual Studio Solution File, Format Version 12.00
# Visual Studio Version 17
VisualStudioVersion = 17.8.34511.84
MinimumVisualStudioVersion = 10.0.40219.1
Project("{FAE04EC0-301F-11D3-BF4B-00C04F79EFBC}") = "RegistrationForm", "RegistrationForm\RegistrationForm.csproj", "{FC5FC5A8-E62D-4FD2-9D65-CD9F6D8C8DEB}"
EndProject
Global
	GlobalSection(SolutionConfigurationPlatforms) = preSolution
		Debug|Any CPU = Debug|Any CPU
		Release|Any CPU = Release|Any CPU
	EndGlobalSection
	GlobalSection(ProjectConfigurationPlatforms) = postSolution
		{FC5FC5A8-E62D-4FD2-9D65-CD9F6D8C8DEB}.Debug|Any CPU.ActiveCfg = Debug|Any CPU
		{FC5FC5A8-E62D-4FD2-9D65-CD9F6D8C8DEB}.Debug|Any CPU.Build.0 = Debug|Any CPU
		{FC5FC5A8-E62D-4FD2-9D65-CD9F6D8C8DEB}.Release|Any CPU.ActiveCfg = Release|Any CPU
		{FC5FC5A8-E62D-4FD2-9D65-CD9F6D8C8DEB}.Release|Any CPU.Build.0 = Release|Any CPU
	EndGlobalSection
	GlobalSection(SolutionProperties) = preSolution
		HideSolutionNode = FALSE
	EndGlobalSection
	GlobalSection(ExtensibilityGlobals) = postSolution
		SolutionGuid = {A28987ED-A22F-4944-A67B-A338F540C704}
	EndGlobalSection
EndGlobal
